# This file is autogenerated, do not edit; changes may be undone by the next 'dep ensure'.


[[projects]]
  branch = "master"
  name = "github.com/go-gl/mathgl"
  packages = ["mgl32"]
  revision = "9e3ea3e806141087fbb83a8a8e7038bf73eff120"

[[projects]]
  branch = "master"
  name = "github.com/golang/freetype"
  packages = ["raster","truetype"]
  revision = "bcfeb16b74e8aea9e2fe043406f2ef74b1cb0759"

[[projects]]
  branch = "master"
  name = "golang.org/x/image"
  packages = ["font","math/f32","math/fixed"]
  revision = "426cfd8eeb6e08ab1932954e09e3c2cb2bc6e36d"

[[projects]]
  branch = "veger"
  name = "golang.org/x/mobile"
  packages = ["event/size","exp/f32","exp/gl/glutil","geom","gl"]
  revision = "2bc17bb6b868fd724ae101f2456a3f3d40ad9e70"
  source = "https://github.com/veger/mobile.git"

[solve-meta]
  analyzer-name = "dep"
  analyzer-version = 1
  inputs-digest = "08b158250f390566612523efbd03f2362d50954333ff7b10a988679eabca68e2"
  solver-name = "gps-cdcl"
  solver-version = 1
